
Microsoft Visual Studio Solution File, Format Version 12.00
# Visual Studio Version 17
VisualStudioVersion = 17.1.32414.318
MinimumVisualStudioVersion = 10.0.40219.1
Project("{FAE04EC0-301F-11D3-BF4B-00C04F79EFBC}") = "RecipesApi", "RecipesApi.csproj", "{93F0CFA2-544E-4A73-B30E-5F594AE7753C}"
EndProject
Global
	GlobalSection(SolutionConfigurationPlatforms) = preSolution
		Debug|Any CPU = Debug|Any CPU
		Release|Any CPU = Release|Any CPU
	EndGlobalSection
	GlobalSection(ProjectConfigurationPlatforms) = postSolution
		{93F0CFA2-544E-4A73-B30E-5F594AE7753C}.Debug|Any CPU.ActiveCfg = Debug|Any CPU
		{93F0CFA2-544E-4A73-B30E-5F594AE7753C}.Debug|Any CPU.Build.0 = Debug|Any CPU
		{93F0CFA2-544E-4A73-B30E-5F594AE7753C}.Release|Any CPU.ActiveCfg = Release|Any CPU
		{93F0CFA2-544E-4A73-B30E-5F594AE7753C}.Release|Any CPU.Build.0 = Release|Any CPU
	EndGlobalSection
	GlobalSection(SolutionProperties) = preSolution
		HideSolutionNode = FALSE
	EndGlobalSection
	GlobalSection(ExtensibilityGlobals) = postSolution
		SolutionGuid = {3B977D44-194F-4FF0-81A4-FF1488776E0C}
	EndGlobalSection
EndGlobal
